
Microsoft Visual Studio Solution File, Format Version 12.00
# Visual Studio 2012
Project("{2150E333-8FDC-42A3-9474-1A3956D46DE8}") = "Main", "Main", "{5ECA8C5C-8007-448F-80D7-5520C143F329}"
EndProject
Project("{FAE04EC0-301F-11D3-BF4B-00C04F79EFBC}") = "NFake", "Main\NFake\NFake.csproj", "{E4D8E5AB-7233-4A6F-9763-54931E7580B4}"
EndProject
Project("{2150E333-8FDC-42A3-9474-1A3956D46DE8}") = "Test", "Test", "{1BF10CDB-1046-461F-AB4A-2959F1F72929}"
EndProject
Project("{FAE04EC0-301F-11D3-BF4B-00C04F79EFBC}") = "NFake.Test", "Test\NFake.Test\NFake.Test.csproj", "{1F4AC368-C9AD-4DB2-9318-D6669E263275}"
EndProject
Project("{2150E333-8FDC-42A3-9474-1A3956D46DE8}") = ".nuget", ".nuget", "{19528875-2517-4CCD-BA3C-43B1E1FB63AD}"
	ProjectSection(SolutionItems) = preProject
		.nuget\NuGet.Config = .nuget\NuGet.Config
		.nuget\NuGet.exe = .nuget\NuGet.exe
		.nuget\NuGet.targets = .nuget\NuGet.targets
	EndProjectSection
EndProject
Global
	GlobalSection(SolutionConfigurationPlatforms) = preSolution
		Debug|Any CPU = Debug|Any CPU
		Release|Any CPU = Release|Any CPU
	EndGlobalSection
	GlobalSection(ProjectConfigurationPlatforms) = postSolution
		{E4D8E5AB-7233-4A6F-9763-54931E7580B4}.Debug|Any CPU.ActiveCfg = Debug|Any CPU
		{E4D8E5AB-7233-4A6F-9763-54931E7580B4}.Debug|Any CPU.Build.0 = Debug|Any CPU
		{E4D8E5AB-7233-4A6F-9763-54931E7580B4}.Release|Any CPU.ActiveCfg = Release|Any CPU
		{E4D8E5AB-7233-4A6F-9763-54931E7580B4}.Release|Any CPU.Build.0 = Release|Any CPU
		{1F4AC368-C9AD-4DB2-9318-D6669E263275}.Debug|Any CPU.ActiveCfg = Debug|Any CPU
		{1F4AC368-C9AD-4DB2-9318-D6669E263275}.Debug|Any CPU.Build.0 = Debug|Any CPU
		{1F4AC368-C9AD-4DB2-9318-D6669E263275}.Release|Any CPU.ActiveCfg = Release|Any CPU
		{1F4AC368-C9AD-4DB2-9318-D6669E263275}.Release|Any CPU.Build.0 = Release|Any CPU
	EndGlobalSection
	GlobalSection(SolutionProperties) = preSolution
		HideSolutionNode = FALSE
	EndGlobalSection
	GlobalSection(NestedProjects) = preSolution
		{E4D8E5AB-7233-4A6F-9763-54931E7580B4} = {5ECA8C5C-8007-448F-80D7-5520C143F329}
		{1F4AC368-C9AD-4DB2-9318-D6669E263275} = {1BF10CDB-1046-461F-AB4A-2959F1F72929}
	EndGlobalSection
	GlobalSection(MonoDevelopProperties) = preSolution
		StartupItem = Main\NFake\NFake.csproj
		Policies = $0
		$0.TextStylePolicy = $7
		$1.FileWidth = 120
		$1.TabsToSpaces = False
		$1.inheritsSet = VisualStudio
		$1.inheritsScope = text/plain
		$2.inheritsSet = null
		$2.scope = text/x-csharp
		$0.CSharpFormattingPolicy = $3
		$3.IndentSwitchBody = True
		$3.AnonymousMethodBraceStyle = NextLine
		$3.PropertyBraceStyle = NextLine
		$3.PropertyGetBraceStyle = NextLine
		$3.PropertySetBraceStyle = NextLine
		$3.EventBraceStyle = NextLine
		$3.EventAddBraceStyle = NextLine
		$3.EventRemoveBraceStyle = NextLine
		$3.StatementBraceStyle = NextLine
		$3.ElseNewLinePlacement = NewLine
		$3.CatchNewLinePlacement = NewLine
		$3.FinallyNewLinePlacement = NewLine
		$3.WhileNewLinePlacement = DoNotCare
		$3.ArrayInitializerWrapping = DoNotChange
		$3.ArrayInitializerBraceStyle = NextLine
		$3.BeforeMethodDeclarationParentheses = False
		$3.BeforeMethodCallParentheses = False
		$3.BeforeConstructorDeclarationParentheses = False
		$3.BeforeDelegateDeclarationParentheses = False
		$3.NewParentheses = False
		$3.SpacesBeforeBrackets = False
		$3.inheritsSet = Mono
		$3.inheritsScope = text/x-csharp
		$3.scope = text/x-csharp
		$4.FileWidth = 200
		$4.inheritsSet = VisualStudio
		$4.inheritsScope = text/plain
		$4.scope = text/plain
		$5.inheritsSet = null
		$5.scope = application/xml
		$0.XmlFormattingPolicy = $8
		$6.inheritsSet = Mono
		$6.inheritsScope = application/xml
		$6.scope = application/xml
		$7.inheritsSet = null
		$7.scope = application/config+xml
		$8.inheritsSet = null
		$8.scope = application/config+xml
		$0.StandardHeader = $9
		$9.Text =
		$9.IncludeInNewFiles = True
		$0.NameConventionPolicy = $10
		$10.Rules = $11
		$11.NamingRule = $31
		$12.Name = Namespaces
		$12.AffectedEntity = Namespace
		$12.VisibilityMask = VisibilityMask
		$12.NamingStyle = PascalCase
		$12.IncludeInstanceMembers = True
		$12.IncludeStaticEntities = True
		$13.Name = Types
		$13.AffectedEntity = Class, Struct, Enum, Delegate
		$13.VisibilityMask = Public
		$13.NamingStyle = PascalCase
		$13.IncludeInstanceMembers = True
		$13.IncludeStaticEntities = True
		$14.Name = Interfaces
		$14.RequiredPrefixes = $15
		$15.String = I
		$14.AffectedEntity = Interface
		$14.VisibilityMask = Public
		$14.NamingStyle = PascalCase
		$14.IncludeInstanceMembers = True
		$14.IncludeStaticEntities = True
		$16.Name = Attributes
		$16.RequiredSuffixes = $17
		$17.String = Attribute
		$16.AffectedEntity = CustomAttributes
		$16.VisibilityMask = Public
		$16.NamingStyle = PascalCase
		$16.IncludeInstanceMembers = True
		$16.IncludeStaticEntities = True
		$18.Name = Event Arguments
		$18.RequiredSuffixes = $19
		$19.String = EventArgs
		$18.AffectedEntity = CustomEventArgs
		$18.VisibilityMask = Public
		$18.NamingStyle = PascalCase
		$18.IncludeInstanceMembers = True
		$18.IncludeStaticEntities = True
		$20.Name = Exceptions
		$20.RequiredSuffixes = $21
		$21.String = Exception
		$20.AffectedEntity = CustomExceptions
		$20.VisibilityMask = VisibilityMask
		$20.NamingStyle = PascalCase
		$20.IncludeInstanceMembers = True
		$20.IncludeStaticEntities = True
		$22.Name = Methods
		$22.AffectedEntity = Methods
		$22.VisibilityMask = Protected, Public
		$22.NamingStyle = PascalCase
		$22.IncludeInstanceMembers = True
		$22.IncludeStaticEntities = True
		$23.Name = Static Readonly Fields
		$23.AffectedEntity = ReadonlyField
		$23.VisibilityMask = Protected, Public
		$23.NamingStyle = PascalCase
		$23.IncludeInstanceMembers = False
		$23.IncludeStaticEntities = True
		$24.Name = Fields
		$24.AffectedEntity = Field
		$24.VisibilityMask = Protected, Public
		$24.NamingStyle = PascalCase
		$24.IncludeInstanceMembers = True
		$24.IncludeStaticEntities = True
		$25.Name = ReadOnly Fields
		$25.AffectedEntity = ReadonlyField
		$25.VisibilityMask = Protected, Public
		$25.NamingStyle = PascalCase
		$25.IncludeInstanceMembers = True
		$25.IncludeStaticEntities = False
		$26.Name = Constant Fields
		$26.AffectedEntity = ConstantField
		$26.VisibilityMask = Protected, Public
		$26.NamingStyle = PascalCase
		$26.IncludeInstanceMembers = True
		$26.IncludeStaticEntities = True
		$27.Name = Properties
		$27.AffectedEntity = Property
		$27.VisibilityMask = Protected, Public
		$27.NamingStyle = PascalCase
		$27.IncludeInstanceMembers = True
		$27.IncludeStaticEntities = True
		$28.Name = Events
		$28.AffectedEntity = Event
		$28.VisibilityMask = Protected, Public
		$28.NamingStyle = PascalCase
		$28.IncludeInstanceMembers = True
		$28.IncludeStaticEntities = True
		$29.Name = Enum Members
		$29.AffectedEntity = EnumMember
		$29.VisibilityMask = VisibilityMask
		$29.NamingStyle = PascalCase
		$29.IncludeInstanceMembers = True
		$29.IncludeStaticEntities = True
		$30.Name = Parameters
		$30.AffectedEntity = Parameter
		$30.VisibilityMask = VisibilityMask
		$30.NamingStyle = CamelCase
		$30.IncludeInstanceMembers = True
		$30.IncludeStaticEntities = True
		$31.Name = Type Parameters
		$31.RequiredPrefixes = $32
		$32.String = T
		$31.AffectedEntity = TypeParameter
		$31.VisibilityMask = VisibilityMask
		$31.NamingStyle = PascalCase
		$31.IncludeInstanceMembers = True
		$31.IncludeStaticEntities = True
	EndGlobalSection
	GlobalSection(NDepend) = preSolution
		Project = ".\NFake.Core.ndproj"
	EndGlobalSection
EndGlobal
